
Microsoft Visual Studio Solution File, Format Version 12.00
# Visual Studio Version 16
VisualStudioVersion = 16.0.29613.14
MinimumVisualStudioVersion = 10.0.40219.1
Project("{FAE04EC0-301F-11D3-BF4B-00C04F79EFBC}") = "EURO", "EURO\EURO.csproj", "{246F5293-6A6B-4020-847C-7BC3B8C5DB64}"
EndProject
Project("{FAE04EC0-301F-11D3-BF4B-00C04F79EFBC}") = "EuroTest", "EuroTest\EuroTest.csproj", "{18D163B8-CB31-4D2C-A337-5D5A38BFF522}"
EndProject
Global
	GlobalSection(SolutionConfigurationPlatforms) = preSolution
		Debug|Any CPU = Debug|Any CPU
		Release|Any CPU = Release|Any CPU
	EndGlobalSection
	GlobalSection(ProjectConfigurationPlatforms) = postSolution
		{246F5293-6A6B-4020-847C-7BC3B8C5DB64}.Debug|Any CPU.ActiveCfg = Debug|Any CPU
		{246F5293-6A6B-4020-847C-7BC3B8C5DB64}.Debug|Any CPU.Build.0 = Debug|Any CPU
		{246F5293-6A6B-4020-847C-7BC3B8C5DB64}.Release|Any CPU.ActiveCfg = Release|Any CPU
		{246F5293-6A6B-4020-847C-7BC3B8C5DB64}.Release|Any CPU.Build.0 = Release|Any CPU
		{18D163B8-CB31-4D2C-A337-5D5A38BFF522}.Debug|Any CPU.ActiveCfg = Debug|Any CPU
		{18D163B8-CB31-4D2C-A337-5D5A38BFF522}.Debug|Any CPU.Build.0 = Debug|Any CPU
		{18D163B8-CB31-4D2C-A337-5D5A38BFF522}.Release|Any CPU.ActiveCfg = Release|Any CPU
		{18D163B8-CB31-4D2C-A337-5D5A38BFF522}.Release|Any CPU.Build.0 = Release|Any CPU
	EndGlobalSection
	GlobalSection(SolutionProperties) = preSolution
		HideSolutionNode = FALSE
	EndGlobalSection
	GlobalSection(ExtensibilityGlobals) = postSolution
		SolutionGuid = {35E98CD4-7323-438C-8C31-A17EEBDDA5B2}
	EndGlobalSection
EndGlobal
